
Microsoft Visual Studio Solution File, Format Version 12.00
# Visual Studio Version 17
VisualStudioVersion = 17.9.34728.123
MinimumVisualStudioVersion = 10.0.40219.1
Project("{FAE04EC0-301F-11D3-BF4B-00C04F79EFBC}") = "Tic Tac Toc Game", "Tic Tac Toc Game.csproj", "{20D7F04A-5B58-44F0-92FF-FCC9F6CD9214}"
EndProject
Global
	GlobalSection(SolutionConfigurationPlatforms) = preSolution
		Debug|Any CPU = Debug|Any CPU
		Release|Any CPU = Release|Any CPU
	EndGlobalSection
	GlobalSection(ProjectConfigurationPlatforms) = postSolution
		{20D7F04A-5B58-44F0-92FF-FCC9F6CD9214}.Debug|Any CPU.ActiveCfg = Debug|Any CPU
		{20D7F04A-5B58-44F0-92FF-FCC9F6CD9214}.Debug|Any CPU.Build.0 = Debug|Any CPU
		{20D7F04A-5B58-44F0-92FF-FCC9F6CD9214}.Release|Any CPU.ActiveCfg = Release|Any CPU
		{20D7F04A-5B58-44F0-92FF-FCC9F6CD9214}.Release|Any CPU.Build.0 = Release|Any CPU
	EndGlobalSection
	GlobalSection(SolutionProperties) = preSolution
		HideSolutionNode = FALSE
	EndGlobalSection
	GlobalSection(ExtensibilityGlobals) = postSolution
		SolutionGuid = {D18D4B73-FFD7-47B4-A488-9ACD0F8364B2}
	EndGlobalSection
EndGlobal
